
Microsoft Visual Studio Solution File, Format Version 12.00
# Visual Studio Version 17
VisualStudioVersion = 17.10.35122.118
MinimumVisualStudioVersion = 10.0.40219.1
Project("{9092AA53-FB77-4645-B42D-1CCCA6BD08BD}") = "NodejsWebApp1", "NodejsWebApp1.njsproj", "{BEB3D7D8-FF8C-454A-83B5-B65DF92A0D92}"
EndProject
Global
	GlobalSection(SolutionConfigurationPlatforms) = preSolution
		Debug|Any CPU = Debug|Any CPU
		Release|Any CPU = Release|Any CPU
	EndGlobalSection
	GlobalSection(ProjectConfigurationPlatforms) = postSolution
		{BEB3D7D8-FF8C-454A-83B5-B65DF92A0D92}.Debug|Any CPU.ActiveCfg = Debug|Any CPU
		{BEB3D7D8-FF8C-454A-83B5-B65DF92A0D92}.Debug|Any CPU.Build.0 = Debug|Any CPU
		{BEB3D7D8-FF8C-454A-83B5-B65DF92A0D92}.Release|Any CPU.ActiveCfg = Release|Any CPU
		{BEB3D7D8-FF8C-454A-83B5-B65DF92A0D92}.Release|Any CPU.Build.0 = Release|Any CPU
	EndGlobalSection
	GlobalSection(SolutionProperties) = preSolution
		HideSolutionNode = FALSE
	EndGlobalSection
	GlobalSection(ExtensibilityGlobals) = postSolution
		SolutionGuid = {03E4351B-255D-409F-A868-706916F7A2E5}
	EndGlobalSection
EndGlobal
